
Microsoft Visual Studio Solution File, Format Version 12.00
# Visual Studio Version 16
VisualStudioVersion = 16.0.31105.61
MinimumVisualStudioVersion = 10.0.40219.1
Project("{FAE04EC0-301F-11D3-BF4B-00C04F79EFBC}") = "Racecar", "Racecar\Racecar.csproj", "{DF95D672-CE55-48D0-8E44-464D086F0AC8}"
EndProject
Global
	GlobalSection(SolutionConfigurationPlatforms) = preSolution
		Debug|Any CPU = Debug|Any CPU
		Release|Any CPU = Release|Any CPU
	EndGlobalSection
	GlobalSection(ProjectConfigurationPlatforms) = postSolution
		{DF95D672-CE55-48D0-8E44-464D086F0AC8}.Debug|Any CPU.ActiveCfg = Debug|Any CPU
		{DF95D672-CE55-48D0-8E44-464D086F0AC8}.Debug|Any CPU.Build.0 = Debug|Any CPU
		{DF95D672-CE55-48D0-8E44-464D086F0AC8}.Release|Any CPU.ActiveCfg = Release|Any CPU
		{DF95D672-CE55-48D0-8E44-464D086F0AC8}.Release|Any CPU.Build.0 = Release|Any CPU
	EndGlobalSection
	GlobalSection(SolutionProperties) = preSolution
		HideSolutionNode = FALSE
	EndGlobalSection
	GlobalSection(ExtensibilityGlobals) = postSolution
		SolutionGuid = {709B66C4-23F6-4BF0-B948-62F597EE1738}
	EndGlobalSection
EndGlobal
